
Microsoft Visual Studio Solution File, Format Version 12.00
# Visual Studio Version 16
VisualStudioVersion = 16.0.29920.165
MinimumVisualStudioVersion = 10.0.40219.1
Project("{9A19103F-16F7-4668-BE54-9A1E7A4F7556}") = "DevIO.App", "src\DevIO.App\DevIO.App.csproj", "{FF69FD54-C9AD-4EF2-A65F-42317CF27C54}"
EndProject
Project("{9A19103F-16F7-4668-BE54-9A1E7A4F7556}") = "DevIO.Data", "src\DevIO.Data\DevIO.Data.csproj", "{35606F43-883B-415D-9C2B-9B26D15922B7}"
EndProject
Project("{9A19103F-16F7-4668-BE54-9A1E7A4F7556}") = "DevIO.Bussines", "src\DevIO.Bussines\DevIO.Bussines.csproj", "{CA00C019-C6B9-48AE-8184-73D41EBB7759}"
EndProject
Global
	GlobalSection(SolutionConfigurationPlatforms) = preSolution
		Debug|Any CPU = Debug|Any CPU
		Release|Any CPU = Release|Any CPU
	EndGlobalSection
	GlobalSection(ProjectConfigurationPlatforms) = postSolution
		{FF69FD54-C9AD-4EF2-A65F-42317CF27C54}.Debug|Any CPU.ActiveCfg = Debug|Any CPU
		{FF69FD54-C9AD-4EF2-A65F-42317CF27C54}.Debug|Any CPU.Build.0 = Debug|Any CPU
		{FF69FD54-C9AD-4EF2-A65F-42317CF27C54}.Release|Any CPU.ActiveCfg = Release|Any CPU
		{FF69FD54-C9AD-4EF2-A65F-42317CF27C54}.Release|Any CPU.Build.0 = Release|Any CPU
		{35606F43-883B-415D-9C2B-9B26D15922B7}.Debug|Any CPU.ActiveCfg = Debug|Any CPU
		{35606F43-883B-415D-9C2B-9B26D15922B7}.Debug|Any CPU.Build.0 = Debug|Any CPU
		{35606F43-883B-415D-9C2B-9B26D15922B7}.Release|Any CPU.ActiveCfg = Release|Any CPU
		{35606F43-883B-415D-9C2B-9B26D15922B7}.Release|Any CPU.Build.0 = Release|Any CPU
		{CA00C019-C6B9-48AE-8184-73D41EBB7759}.Debug|Any CPU.ActiveCfg = Debug|Any CPU
		{CA00C019-C6B9-48AE-8184-73D41EBB7759}.Debug|Any CPU.Build.0 = Debug|Any CPU
		{CA00C019-C6B9-48AE-8184-73D41EBB7759}.Release|Any CPU.ActiveCfg = Release|Any CPU
		{CA00C019-C6B9-48AE-8184-73D41EBB7759}.Release|Any CPU.Build.0 = Release|Any CPU
	EndGlobalSection
	GlobalSection(SolutionProperties) = preSolution
		HideSolutionNode = FALSE
	EndGlobalSection
	GlobalSection(ExtensibilityGlobals) = postSolution
		SolutionGuid = {20810922-F9FB-4CF5-A604-89AC99B96064}
	EndGlobalSection
EndGlobal
